# Generated by pub
# See https://dart.dev/tools/pub/glossary#lockfile
packages:
  ansicolor:
    dependency: transitive
    description:
      name: ansicolor
      sha256: "78bc93b397e4c1eb2d8b47b4bee7c68831b68326dae2c43573ac10e4e192052a"
      url: "https://pub.dev"
    source: hosted
    version: "1.1.1"
  async:
    dependency: "direct main"
    description:
      name: async
      sha256: bfe67ef28df125b7dddcea62755991f807aa39a2492a23e1550161692950bbe0
      url: "https://pub.dev"
    source: hosted
    version: "2.10.0"
  badges:
    dependency: "direct main"
    description:
      name: badges
      sha256: "6e7f3ec561ec08f47f912cfe349d4a1707afdc8dda271e17b046aa6d42c89e77"
      url: "https://pub.dev"
    source: hosted
    version: "3.1.1"
  barcode:
    dependency: transitive
    description:
      name: barcode
      sha256: "6f4e44699843c336fcb4a14a4f4221f03d21ae47dd8c4ae4c25ffc7b7dd1cfb8"
      url: "https://pub.dev"
    source: hosted
    version: "2.1.0"
  barcode_widget:
    dependency: "direct main"
    description:
      name: barcode_widget
      sha256: "4fb82c63a008972bc5f0ca83865bd3a5728f596c80f44658aefd7d55b6e65f45"
      url: "https://pub.dev"
    source: hosted
    version: "2.0.1"
  boolean_selector:
    dependency: transitive
    description:
      name: boolean_selector
      sha256: "6cfb5af12253eaf2b368f07bacc5a80d1301a071c73360d746b7f2e32d762c66"
      url: "https://pub.dev"
    source: hosted
    version: "2.1.1"
  camera:
    dependency: "direct main"
    description:
      name: camera
      sha256: "7afc256902062cab191540c09908b98bc71e93d5e20b6486dbee51aa7731e9b2"
      url: "https://pub.dev"
    source: hosted
    version: "0.10.4"
  camera_android:
    dependency: transitive
    description:
      name: camera_android
      sha256: "772c111c78f31f868b98dbf6dbeda8d6ff77acea773a92ea5705ee2f7949ebfb"
      url: "https://pub.dev"
    source: hosted
    version: "0.10.5"
  camera_avfoundation:
    dependency: transitive
    description:
      name: camera_avfoundation
      sha256: "7ac8b950672716722af235eed7a7c37896853669800b7da706bb0a9fd41d3737"
      url: "https://pub.dev"
    source: hosted
    version: "0.9.13+1"
  camera_platform_interface:
    dependency: transitive
    description:
      name: camera_platform_interface
      sha256: "525017018d116c5db8c4c43ec2d9b1663216b369c9f75149158280168a7ce472"
      url: "https://pub.dev"
    source: hosted
    version: "2.5.0"
  camera_web:
    dependency: transitive
    description:
      name: camera_web
      sha256: d77965f32479ee6d8f48205dcf10f845d7210595c6c00faa51eab265d1cae993
      url: "https://pub.dev"
    source: hosted
    version: "0.3.1+3"
  characters:
    dependency: transitive
    description:
      name: characters
      sha256: e6a326c8af69605aec75ed6c187d06b349707a27fbff8222ca9cc2cff167975c
      url: "https://pub.dev"
    source: hosted
    version: "1.2.1"
  clock:
    dependency: transitive
    description:
      name: clock
      sha256: cb6d7f03e1de671e34607e909a7213e31d7752be4fb66a86d29fe1eb14bfb5cf
      url: "https://pub.dev"
    source: hosted
    version: "1.1.1"
  collection:
    dependency: "direct main"
    description:
      name: collection
      sha256: cfc915e6923fe5ce6e153b0723c753045de46de1b4d63771530504004a45fae0
      url: "https://pub.dev"
    source: hosted
    version: "1.17.0"
  console_log_handler:
    dependency: transitive
    description:
      name: console_log_handler
      sha256: "3529d45b47487f48850322fa123cc382316f3d5708a33d75cc8f1a73f56a8b0b"
      url: "https://pub.dev"
    source: hosted
    version: "1.1.6"
  cross_file:
    dependency: transitive
    description:
      name: cross_file
      sha256: "0b0036e8cccbfbe0555fd83c1d31a6f30b77a96b598b35a5d36dd41f718695e9"
      url: "https://pub.dev"
    source: hosted
    version: "0.3.3+4"
  crypto:
    dependency: transitive
    description:
      name: crypto
      sha256: aa274aa7774f8964e4f4f38cc994db7b6158dd36e9187aaceaddc994b35c6c67
      url: "https://pub.dev"
    source: hosted
    version: "3.0.2"
  cupertino_icons:
    dependency: "direct main"
    description:
      name: cupertino_icons
      sha256: e35129dc44c9118cee2a5603506d823bab99c68393879edb440e0090d07586be
      url: "https://pub.dev"
    source: hosted
    version: "1.0.5"
  dots_indicator:
    dependency: transitive
    description:
      name: dots_indicator
      sha256: e59dfc90030ee5a4fd4c53144a8ce97cc7a823c2067b8fb9814960cd1ae63f89
      url: "https://pub.dev"
    source: hosted
    version: "2.1.0"
  fake_async:
    dependency: transitive
    description:
      name: fake_async
      sha256: "511392330127add0b769b75a987850d136345d9227c6b94c96a04cf4a391bf78"
      url: "https://pub.dev"
    source: hosted
    version: "1.3.1"
  ffi:
    dependency: transitive
    description:
      name: ffi
      sha256: "13a6ccf6a459a125b3fcdb6ec73bd5ff90822e071207c663bfd1f70062d51d18"
      url: "https://pub.dev"
    source: hosted
    version: "1.2.1"
  file:
    dependency: transitive
    description:
      name: file
      sha256: "1b92bec4fc2a72f59a8e15af5f52cd441e4a7860b49499d69dfa817af20e925d"
      url: "https://pub.dev"
    source: hosted
    version: "6.1.4"
  file_picker:
    dependency: "direct main"
    description:
      name: file_picker
      sha256: "704259669b5e9cb24e15c11cfcf02caf5f20d30901b3916d60b6d1c2d647035f"
      url: "https://pub.dev"
    source: hosted
    version: "4.6.1"
  fluentui_icons:
    dependency: "direct main"
    description:
      name: fluentui_icons
      sha256: "5944d9a0d52df1c63107abd00c8f4e81c6c1f7961347ccd88c9532a42327e0ae"
      url: "https://pub.dev"
    source: hosted
    version: "1.0.0"
  flutter:
    dependency: "direct main"
    description: flutter
    source: sdk
    version: "0.0.0"
  flutter_barcode_scanner:
    dependency: "direct main"
    description:
      name: flutter_barcode_scanner
      sha256: a4ba37daf9933f451a5e812c753ddd045d6354e4a3280342d895b07fecaab3fa
      url: "https://pub.dev"
    source: hosted
    version: "2.0.0"
  flutter_image:
    dependency: "direct main"
    description:
      name: flutter_image
      sha256: "3161bf96fef90ec6d46a43879001d8a4c07aaa9d0aa2bd8ee85311f3b517e25f"
      url: "https://pub.dev"
    source: hosted
    version: "4.1.5"
  flutter_keyboard_visibility:
    dependency: transitive
    description:
      name: flutter_keyboard_visibility
      sha256: "86b71bbaffa38e885f5c21b1182408b9be6951fd125432cf6652c636254cef2d"
      url: "https://pub.dev"
    source: hosted
    version: "5.4.0"
  flutter_keyboard_visibility_linux:
    dependency: transitive
    description:
      name: flutter_keyboard_visibility_linux
      sha256: "6fba7cd9bb033b6ddd8c2beb4c99ad02d728f1e6e6d9b9446667398b2ac39f08"
      url: "https://pub.dev"
    source: hosted
    version: "1.0.0"
  flutter_keyboard_visibility_macos:
    dependency: transitive
    description:
      name: flutter_keyboard_visibility_macos
      sha256: c5c49b16fff453dfdafdc16f26bdd8fb8d55812a1d50b0ce25fc8d9f2e53d086
      url: "https://pub.dev"
    source: hosted
    version: "1.0.0"
  flutter_keyboard_visibility_platform_interface:
    dependency: transitive
    description:
      name: flutter_keyboard_visibility_platform_interface
      sha256: e43a89845873f7be10cb3884345ceb9aebf00a659f479d1c8f4293fcb37022a4
      url: "https://pub.dev"
    source: hosted
    version: "2.0.0"
  flutter_keyboard_visibility_web:
    dependency: transitive
    description:
      name: flutter_keyboard_visibility_web
      sha256: d3771a2e752880c79203f8d80658401d0c998e4183edca05a149f5098ce6e3d1
      url: "https://pub.dev"
    source: hosted
    version: "2.0.0"
  flutter_keyboard_visibility_windows:
    dependency: transitive
    description:
      name: flutter_keyboard_visibility_windows
      sha256: fc4b0f0b6be9b93ae527f3d527fb56ee2d918cd88bbca438c478af7bcfd0ef73
      url: "https://pub.dev"
    source: hosted
    version: "1.0.0"
  flutter_lints:
    dependency: "direct dev"
    description:
      name: flutter_lints
      sha256: aeb0b80a8b3709709c9cc496cdc027c5b3216796bc0af0ce1007eaf24464fd4c
      url: "https://pub.dev"
    source: hosted
    version: "2.0.1"
  flutter_map:
    dependency: "direct main"
    description:
      name: flutter_map
      sha256: "59dfd14267b691bea55760786b47d3172d47cdcc0d79ff930746a5ad123491b8"
      url: "https://pub.dev"
    source: hosted
    version: "3.1.0"
  flutter_plugin_android_lifecycle:
    dependency: transitive
    description:
      name: flutter_plugin_android_lifecycle
      sha256: c224ac897bed083dabf11f238dd11a239809b446740be0c2044608c50029ffdf
      url: "https://pub.dev"
    source: hosted
    version: "2.0.9"
  flutter_test:
    dependency: "direct dev"
    description: flutter
    source: sdk
    version: "0.0.0"
  flutter_web_plugins:
    dependency: transitive
    description: flutter
    source: sdk
    version: "0.0.0"
  gap:
    dependency: "direct main"
    description:
      name: gap
      sha256: "976fa1e405d7d8249b3d2ec0e18a1eac116f0a86430c29a7485dff6f5326f03a"
      url: "https://pub.dev"
    source: hosted
    version: "3.0.0"
  geocoder:
    dependency: "direct main"
    description:
      name: geocoder
      sha256: bd1cc3e349459b75f8baadfb00eb009b6a5c82f5167bca251e2e2b9c1f06dd0a
      url: "https://pub.dev"
    source: hosted
    version: "0.2.1"
  geocoding:
    dependency: "direct main"
    description:
      name: geocoding
      sha256: b34c0501bbbaf3190b85bef3078b27cf66c28a8915c6d3af50d67f356aa7da31
      url: "https://pub.dev"
    source: hosted
    version: "2.1.0"
  geocoding_android:
    dependency: transitive
    description:
      name: geocoding_android
      sha256: "5a1fc0cec9b0497b44ca31c1fa8d1c891f3aded1053e6bb2eac075d3bd1bf046"
      url: "https://pub.dev"
    source: hosted
    version: "2.1.0"
  geocoding_ios:
    dependency: transitive
    description:
      name: geocoding_ios
      sha256: c85495ce8fb34e4fbd2dd8fc5f79263d622d9f88c4af948c965daf6b27a7f3a1
      url: "https://pub.dev"
    source: hosted
    version: "2.1.0"
  geocoding_platform_interface:
    dependency: transitive
    description:
      name: geocoding_platform_interface
      sha256: "8848605d307d844d89937cdb4b8ad7dfa880552078f310fa24d8a460f6dddab4"
      url: "https://pub.dev"
    source: hosted
    version: "2.0.1"
  google_fonts:
    dependency: "direct main"
    description:
      name: google_fonts
      sha256: e70521755a6b08c6bde14ddae27dff5bf21010033888fc61da6c595f8a9f58c1
      url: "https://pub.dev"
    source: hosted
    version: "2.3.3"
  http:
    dependency: transitive
    description:
      name: http
      sha256: "6aa2946395183537c8b880962d935877325d6a09a2867c3970c05c0fed6ac482"
      url: "https://pub.dev"
    source: hosted
    version: "0.13.5"
  http_parser:
    dependency: transitive
    description:
      name: http_parser
      sha256: "2aa08ce0341cc9b354a498388e30986515406668dbcc4f7c950c3e715496693b"
      url: "https://pub.dev"
    source: hosted
    version: "4.0.2"
  intl:
    dependency: "direct main"
    description:
      name: intl
      sha256: "3bc132a9dbce73a7e4a21a17d06e1878839ffbf975568bc875c60537824b0c4d"
      url: "https://pub.dev"
    source: hosted
    version: "0.18.1"
  introduction_screen:
    dependency: "direct main"
    description:
      name: introduction_screen
      sha256: "0767902260d69655b4d4bd9a88619cac06728eaf13c346cf7132cfb0809debf6"
      url: "https://pub.dev"
    source: hosted
    version: "3.1.7"
  js:
    dependency: transitive
    description:
      name: js
      sha256: "5528c2f391ededb7775ec1daa69e65a2d61276f7552de2b5f7b8d34ee9fd4ab7"
      url: "https://pub.dev"
    source: hosted
    version: "0.6.5"
  latlong:
    dependency: "direct main"
    description:
      name: latlong
      sha256: "2b185c6c09793ba35b720ff97ea801f3d5731cfb2e8bb387b12cc6de1eb2fb72"
      url: "https://pub.dev"
    source: hosted
    version: "0.6.1"
  latlong2:
    dependency: transitive
    description:
      name: latlong2
      sha256: "408993a0e3f46e79ce1f129e4cb0386eef6d48dfa6394939ecacfbd7049154ec"
      url: "https://pub.dev"
    source: hosted
    version: "0.8.1"
  lints:
    dependency: transitive
    description:
      name: lints
      sha256: "5e4a9cd06d447758280a8ac2405101e0e2094d2a1dbdd3756aec3fe7775ba593"
      url: "https://pub.dev"
    source: hosted
    version: "2.0.1"
  lists:
    dependency: transitive
    description:
      name: lists
      sha256: "4ca5c19ae4350de036a7e996cdd1ee39c93ac0a2b840f4915459b7d0a7d4ab27"
      url: "https://pub.dev"
    source: hosted
    version: "1.0.1"
  logging:
    dependency: transitive
    description:
      name: logging
      sha256: "239402c239e2a390cf745af3a496fb985dc8f0b31b3f5fe0d460e42289d33ad7"
      url: "https://pub.dev"
    source: hosted
    version: "0.11.4"
  matcher:
    dependency: transitive
    description:
      name: matcher
      sha256: "16db949ceee371e9b99d22f88fa3a73c4e59fd0afed0bd25fc336eb76c198b72"
      url: "https://pub.dev"
    source: hosted
    version: "0.12.13"
  material_color_utilities:
    dependency: transitive
    description:
      name: material_color_utilities
      sha256: d92141dc6fe1dad30722f9aa826c7fbc896d021d792f80678280601aff8cf724
      url: "https://pub.dev"
    source: hosted
    version: "0.2.0"
  meta:
    dependency: "direct main"
    description:
      name: meta
      sha256: "6c268b42ed578a53088d834796959e4a1814b5e9e164f147f580a386e5decf42"
      url: "https://pub.dev"
    source: hosted
    version: "1.8.0"
  mgrs_dart:
    dependency: transitive
    description:
      name: mgrs_dart
      sha256: fb89ae62f05fa0bb90f70c31fc870bcbcfd516c843fb554452ab3396f78586f7
      url: "https://pub.dev"
    source: hosted
    version: "2.0.0"
  mobile_scanner:
    dependency: "direct main"
    description:
      name: mobile_scanner
      sha256: "531725451c7506f4c57b4720da1fe33a1394cdf9d4a5075a3a2dd51e21113928"
      url: "https://pub.dev"
    source: hosted
    version: "2.1.0"
  path:
    dependency: transitive
    description:
      name: path
      sha256: db9d4f58c908a4ba5953fcee2ae317c94889433e5024c27ce74a37f94267945b
      url: "https://pub.dev"
    source: hosted
    version: "1.8.2"
  path_provider:
    dependency: transitive
    description:
      name: path_provider
      sha256: c7edf82217d4b2952b2129a61d3ad60f1075b9299e629e149a8d2e39c2e6aad4
      url: "https://pub.dev"
    source: hosted
    version: "2.0.14"
  path_provider_android:
    dependency: transitive
    description:
      name: path_provider_android
      sha256: da97262be945a72270513700a92b39dd2f4a54dad55d061687e2e37a6390366a
      url: "https://pub.dev"
    source: hosted
    version: "2.0.25"
  path_provider_foundation:
    dependency: transitive
    description:
      name: path_provider_foundation
      sha256: ad4c4d011830462633f03eb34445a45345673dfd4faf1ab0b4735fbd93b19183
      url: "https://pub.dev"
    source: hosted
    version: "2.2.2"
  path_provider_linux:
    dependency: transitive
    description:
      name: path_provider_linux
      sha256: "2ae08f2216225427e64ad224a24354221c2c7907e448e6e0e8b57b1eb9f10ad1"
      url: "https://pub.dev"
    source: hosted
    version: "2.1.10"
  path_provider_platform_interface:
    dependency: transitive
    description:
      name: path_provider_platform_interface
      sha256: "57585299a729335f1298b43245842678cb9f43a6310351b18fb577d6e33165ec"
      url: "https://pub.dev"
    source: hosted
    version: "2.0.6"
  path_provider_windows:
    dependency: transitive
    description:
      name: path_provider_windows
      sha256: a34ecd7fb548f8e57321fd8e50d865d266941b54e6c3b7758cf8f37c24116905
      url: "https://pub.dev"
    source: hosted
    version: "2.0.7"
  platform:
    dependency: transitive
    description:
      name: platform
      sha256: "4a451831508d7d6ca779f7ac6e212b4023dd5a7d08a27a63da33756410e32b76"
      url: "https://pub.dev"
    source: hosted
    version: "3.1.0"
  plugin_platform_interface:
    dependency: transitive
    description:
      name: plugin_platform_interface
      sha256: "6a2128648c854906c53fa8e33986fc0247a1116122f9534dd20e3ab9e16a32bc"
      url: "https://pub.dev"
    source: hosted
    version: "2.1.4"
  polylabel:
    dependency: transitive
    description:
      name: polylabel
      sha256: "41b9099afb2aa6c1730bdd8a0fab1400d287694ec7615dd8516935fa3144214b"
      url: "https://pub.dev"
    source: hosted
    version: "1.0.1"
  positioned_tap_detector_2:
    dependency: "direct main"
    description:
      name: positioned_tap_detector_2
      sha256: "52e06863ad3e1f82b058fd05054fc8c9caeeb3b47d5cea7a24bd9320746059c1"
      url: "https://pub.dev"
    source: hosted
    version: "1.0.4"
  process:
    dependency: transitive
    description:
      name: process
      sha256: "53fd8db9cec1d37b0574e12f07520d582019cb6c44abf5479a01505099a34a09"
      url: "https://pub.dev"
    source: hosted
    version: "4.2.4"
  proj4dart:
    dependency: "direct main"
    description:
      name: proj4dart
      sha256: c8a659ac9b6864aa47c171e78d41bbe6f5e1d7bd790a5814249e6b68bc44324e
      url: "https://pub.dev"
    source: hosted
    version: "2.1.0"
  qr:
    dependency: transitive
    description:
      name: qr
      sha256: "5c4208b4dc0d55c3184d10d83ee0ded6212dc2b5e2ba17c5a0c0aab279128d21"
      url: "https://pub.dev"
    source: hosted
    version: "2.1.0"
  qr_flutter:
    dependency: "direct main"
    description:
      name: qr_flutter
      sha256: c5c121c54cb6dd837b9b9d57eb7bc7ec6df4aee741032060c8833a678c80b87e
      url: "https://pub.dev"
    source: hosted
    version: "4.0.0"
  quiver:
    dependency: transitive
    description:
      name: quiver
      sha256: b1c1ac5ce6688d77f65f3375a9abb9319b3cb32486bdc7a1e0fdf004d7ba4e47
      url: "https://pub.dev"
    source: hosted
    version: "3.2.1"
  shared_preferences:
    dependency: "direct main"
    description:
      name: shared_preferences
      sha256: "858aaa72d8f61637d64e776aca82e1c67e6d9ee07979123c5d17115031c1b13b"
      url: "https://pub.dev"
    source: hosted
    version: "2.1.0"
  shared_preferences_android:
    dependency: transitive
    description:
      name: shared_preferences_android
      sha256: "7fa90471a6875d26ad78c7e4a675874b2043874586891128dc5899662c97db46"
      url: "https://pub.dev"
    source: hosted
    version: "2.1.2"
  shared_preferences_foundation:
    dependency: transitive
    description:
      name: shared_preferences_foundation
      sha256: "0c1c16c56c9708aa9c361541a6f0e5cc6fc12a3232d866a687a7b7db30032b07"
      url: "https://pub.dev"
    source: hosted
    version: "2.2.1"
  shared_preferences_linux:
    dependency: transitive
    description:
      name: shared_preferences_linux
      sha256: "9d387433ca65717bbf1be88f4d5bb18f10508917a8fa2fb02e0fd0d7479a9afa"
      url: "https://pub.dev"
    source: hosted
    version: "2.2.0"
  shared_preferences_platform_interface:
    dependency: transitive
    description:
      name: shared_preferences_platform_interface
      sha256: fb5cf25c0235df2d0640ac1b1174f6466bd311f621574997ac59018a6664548d
      url: "https://pub.dev"
    source: hosted
    version: "2.2.0"
  shared_preferences_web:
    dependency: transitive
    description:
      name: shared_preferences_web
      sha256: "74083203a8eae241e0de4a0d597dbedab3b8fef5563f33cf3c12d7e93c655ca5"
      url: "https://pub.dev"
    source: hosted
    version: "2.1.0"
  shared_preferences_windows:
    dependency: transitive
    description:
      name: shared_preferences_windows
      sha256: "5e588e2efef56916a3b229c3bfe81e6a525665a454519ca51dbcc4236a274173"
      url: "https://pub.dev"
    source: hosted
    version: "2.2.0"
  sky_engine:
    dependency: transitive
    description: flutter
    source: sdk
    version: "0.0.99"
  source_span:
    dependency: transitive
    description:
      name: source_span
      sha256: dd904f795d4b4f3b870833847c461801f6750a9fa8e61ea5ac53f9422b31f250
      url: "https://pub.dev"
    source: hosted
    version: "1.9.1"
  stack_trace:
    dependency: transitive
    description:
      name: stack_trace
      sha256: c3c7d8edb15bee7f0f74debd4b9c5f3c2ea86766fe4178eb2a18eb30a0bdaed5
      url: "https://pub.dev"
    source: hosted
    version: "1.11.0"
  stream_channel:
    dependency: transitive
    description:
      name: stream_channel
      sha256: "83615bee9045c1d322bbbd1ba209b7a749c2cbcdcb3fdd1df8eb488b3279c1c8"
      url: "https://pub.dev"
    source: hosted
    version: "2.1.1"
  stream_transform:
    dependency: transitive
    description:
      name: stream_transform
      sha256: "14a00e794c7c11aa145a170587321aedce29769c08d7f58b1d141da75e3b1c6f"
      url: "https://pub.dev"
    source: hosted
    version: "2.1.0"
  string_scanner:
    dependency: transitive
    description:
      name: string_scanner
      sha256: "556692adab6cfa87322a115640c11f13cb77b3f076ddcc5d6ae3c20242bedcde"
      url: "https://pub.dev"
    source: hosted
    version: "1.2.0"
  term_glyph:
    dependency: transitive
    description:
      name: term_glyph
      sha256: a29248a84fbb7c79282b40b8c72a1209db169a2e0542bce341da992fe1bc7e84
      url: "https://pub.dev"
    source: hosted
    version: "1.2.1"
  test_api:
    dependency: transitive
    description:
      name: test_api
      sha256: ad540f65f92caa91bf21dfc8ffb8c589d6e4dc0c2267818b4cc2792857706206
      url: "https://pub.dev"
    source: hosted
    version: "0.4.16"
  transparent_image:
    dependency: "direct main"
    description:
      name: transparent_image
      sha256: e8991d955a2094e197ca24c645efec2faf4285772a4746126ca12875e54ca02f
      url: "https://pub.dev"
    source: hosted
    version: "2.0.1"
  tuple:
    dependency: "direct main"
    description:
      name: tuple
      sha256: "0ea99cd2f9352b2586583ab2ce6489d1f95a5f6de6fb9492faaf97ae2060f0aa"
      url: "https://pub.dev"
    source: hosted
    version: "2.0.1"
  typed_data:
    dependency: transitive
    description:
      name: typed_data
      sha256: "26f87ade979c47a150c9eaab93ccd2bebe70a27dc0b4b29517f2904f04eb11a5"
      url: "https://pub.dev"
    source: hosted
    version: "1.3.1"
  unicode:
    dependency: transitive
    description:
      name: unicode
      sha256: "0f69e46593d65245774d4f17125c6084d2c20b4e473a983f6e21b7d7762218f1"
      url: "https://pub.dev"
    source: hosted
    version: "0.3.1"
  validate:
    dependency: transitive
    description:
      name: validate
      sha256: e454e9357766615ecedd8dc8ffd1e5a80d54f53d5bf878fee9d5143cb0f57f4d
      url: "https://pub.dev"
    source: hosted
    version: "1.7.0"
  vector_math:
    dependency: "direct main"
    description:
      name: vector_math
      sha256: "80b3257d1492ce4d091729e3a67a60407d227c27241d6927be0130c98e741803"
      url: "https://pub.dev"
    source: hosted
    version: "2.1.4"
  win32:
    dependency: transitive
    description:
      name: win32
      sha256: c0e3a4f7be7dae51d8f152230b86627e3397c1ba8c3fa58e63d44a9f3edc9cef
      url: "https://pub.dev"
    source: hosted
    version: "2.6.1"
  wkt_parser:
    dependency: transitive
    description:
      name: wkt_parser
      sha256: "8a555fc60de3116c00aad67891bcab20f81a958e4219cc106e3c037aa3937f13"
      url: "https://pub.dev"
    source: hosted
    version: "2.0.0"
  xdg_directories:
    dependency: transitive
    description:
      name: xdg_directories
      sha256: ee1505df1426458f7f60aac270645098d318a8b4766d85fde75f76f2e21807d1
      url: "https://pub.dev"
    source: hosted
    version: "1.0.0"
sdks:
  dart: ">=2.19.6 <3.0.0"
  flutter: ">=3.7.0"
